
Microsoft Visual Studio Solution File, Format Version 12.00
# Visual Studio 2013
VisualStudioVersion = 12.0.30723.0
MinimumVisualStudioVersion = 10.0.40219.1
Project("{888888A0-9F3D-457C-B088-3A5042F75D52}") = "Automata Project - Game of Life Sim", "Automata Project - Game of Life Sim\Automata Project - Game of Life Sim.pyproj", "{E78072B6-5898-4A4C-995E-30B76493BD48}"
EndProject
Global
	GlobalSection(SolutionConfigurationPlatforms) = preSolution
		Debug|Any CPU = Debug|Any CPU
		Release|Any CPU = Release|Any CPU
	EndGlobalSection
	GlobalSection(ProjectConfigurationPlatforms) = postSolution
		{E78072B6-5898-4A4C-995E-30B76493BD48}.Debug|Any CPU.ActiveCfg = Debug|Any CPU
		{E78072B6-5898-4A4C-995E-30B76493BD48}.Release|Any CPU.ActiveCfg = Release|Any CPU
	EndGlobalSection
	GlobalSection(SolutionProperties) = preSolution
		HideSolutionNode = FALSE
	EndGlobalSection
EndGlobal
